
Microsoft Visual Studio Solution File, Format Version 12.00
# Visual Studio Version 16
VisualStudioVersion = 16.0.29519.181
MinimumVisualStudioVersion = 10.0.40219.1
Project("{9A19103F-16F7-4668-BE54-9A1E7A4F7556}") = "Identity", "SingleResponsibilityPrinciple\Pattern\Identity\Identity.csproj", "{558E3E31-E0AE-4AFD-AA11-2C81708DABBA}"
EndProject
Project("{9A19103F-16F7-4668-BE54-9A1E7A4F7556}") = "Identity.Tests", "SingleResponsibilityPrinciple\Pattern\Identity.Tests\Identity.Tests.csproj", "{2BC7FC20-ADF8-485D-B68C-3E66D7198598}"
EndProject
Project("{9A19103F-16F7-4668-BE54-9A1E7A4F7556}") = "MultipleResponsibility", "SingleResponsibilityPrinciple\Anti-pattern\MultipleResponsibility\MultipleResponsibility.csproj", "{844BC060-2D3B-48E7-86DA-8F2184A31E65}"
EndProject
Project("{2150E333-8FDC-42A3-9474-1A3956D46DE8}") = "Anti-pattern", "Anti-pattern", "{FA656FA3-1B8D-496D-B200-C0B25948A83F}"
EndProject
Project("{2150E333-8FDC-42A3-9474-1A3956D46DE8}") = "Pattern", "Pattern", "{0A9F545D-E97C-4897-85BE-B740375FD7A9}"
EndProject
Project("{9A19103F-16F7-4668-BE54-9A1E7A4F7556}") = "MultipleResponsibility.Tests", "SingleResponsibilityPrinciple\Anti-pattern\MultipleResponsibility.Tests\MultipleResponsibility.Tests.csproj", "{1CD37A0F-495A-4110-8C98-3E074B798587}"
EndProject
Project("{2150E333-8FDC-42A3-9474-1A3956D46DE8}") = "SingleResponsibilityPrinciple", "SingleResponsibilityPrinciple", "{9BA371B1-82C3-4192-BDBD-9CC21E70EF6F}"
EndProject
Project("{9A19103F-16F7-4668-BE54-9A1E7A4F7556}") = "Shared", "SingleResponsibilityPrinciple\Pattern\Shared\Shared.csproj", "{9A5F1F4D-35FF-4DA4-9D39-09AEE1DBEC0F}"
EndProject
Project("{9A19103F-16F7-4668-BE54-9A1E7A4F7556}") = "Shared.Tests", "SingleResponsibilityPrinciple\Pattern\Shared.Tests\Shared.Tests.csproj", "{513B5D9E-DE6C-4B33-8286-6D99092150AB}"
EndProject
Project("{2150E333-8FDC-42A3-9474-1A3956D46DE8}") = "OpenClosedPrinciple", "OpenClosedPrinciple", "{42BFA9E0-83DD-4728-AFF2-C97F3AC9F8C9}"
EndProject
Project("{2150E333-8FDC-42A3-9474-1A3956D46DE8}") = "Anti-pattern", "Anti-pattern", "{0FF6EB7E-FC61-46E9-BA0E-A40CE2164AA4}"
EndProject
Project("{2150E333-8FDC-42A3-9474-1A3956D46DE8}") = "Pattern", "Pattern", "{FAB2AF64-B757-40D9-8EF5-23BF20DF5F98}"
EndProject
Project("{9A19103F-16F7-4668-BE54-9A1E7A4F7556}") = "ClosedForExtension", "OpenClosedPrinciple\Anti-pattern\ClosedForExtension\ClosedForExtension.csproj", "{8AEDA8C6-7D4C-4A89-B533-662FBC58A761}"
EndProject
Project("{9A19103F-16F7-4668-BE54-9A1E7A4F7556}") = "ClosedForExtension.Tests", "OpenClosedPrinciple\Anti-pattern\ClosedForExtension.Tests\ClosedForExtension.Tests.csproj", "{D0FACCCF-09D8-4247-8E90-CC2F354BFF15}"
EndProject
Project("{9A19103F-16F7-4668-BE54-9A1E7A4F7556}") = "OpenForExtension", "OpenClosedPrinciple\Pattern\OpenForExtension\OpenForExtension.csproj", "{06BAB09D-1EB2-44E8-A12F-5AFFA1FB3E4E}"
EndProject
Project("{9A19103F-16F7-4668-BE54-9A1E7A4F7556}") = "OpenForExtension.Tests", "OpenClosedPrinciple\Pattern\OpenForExtension.Tests\OpenForExtension.Tests.csproj", "{8F4913B2-4060-4520-98AD-6851A1786337}"
EndProject
Project("{2150E333-8FDC-42A3-9474-1A3956D46DE8}") = "ShareCommonTestingPatterns", "ShareCommonTestingPatterns", "{ECAE43B5-E58D-4C70-BA02-7B238F40A1A1}"
EndProject
Project("{2150E333-8FDC-42A3-9474-1A3956D46DE8}") = "Pattern", "Pattern", "{E72EF61E-FF16-4866-99CF-4EFADCF32C3D}"
EndProject
Project("{9A19103F-16F7-4668-BE54-9A1E7A4F7556}") = "Testing.Common", "ShareCommonTestingPatterns\Pattern\Testing.Common\Testing.Common.csproj", "{A6EB2540-59BE-468D-9A8C-09A07830D378}"
EndProject
Project("{9A19103F-16F7-4668-BE54-9A1E7A4F7556}") = "Testing.Common.Tests", "ShareCommonTestingPatterns\Pattern\Testing.Common.Tests\Testing.Common.Tests.csproj", "{2E6A7F7C-74B7-425C-AA6A-6C1CFD0C6E1F}"
EndProject
Project("{2150E333-8FDC-42A3-9474-1A3956D46DE8}") = "OptimizeTestExecution", "OptimizeTestExecution", "{8B771E05-85B5-466E-BECB-471170FCED56}"
EndProject
Project("{2150E333-8FDC-42A3-9474-1A3956D46DE8}") = "Anti-pattern", "Anti-pattern", "{A44A328D-32FC-4B0A-A0D2-563C06FA0E62}"
EndProject
Project("{9A19103F-16F7-4668-BE54-9A1E7A4F7556}") = "UseMockingFrameworks", "OptimizeTestExecution\Anti-pattern\UseMockingFrameworks\UseMockingFrameworks.csproj", "{4C5D25B1-D82C-4460-BA07-8A2DE12DA8CA}"
EndProject
Project("{9A19103F-16F7-4668-BE54-9A1E7A4F7556}") = "UseMockingFrameworks.Tests", "OptimizeTestExecution\Anti-pattern\UseMockingFrameworks.Tests\UseMockingFrameworks.Tests.csproj", "{0C197749-92DD-4699-89A1-072CC69E5A45}"
EndProject
Project("{2150E333-8FDC-42A3-9474-1A3956D46DE8}") = "Pattern", "Pattern", "{3B9B6EDD-8AE9-4E9D-9D6E-66723B002136}"
EndProject
Project("{FAE04EC0-301F-11D3-BF4B-00C04F79EFBC}") = "UseCustomMocks", "OptimizeTestExecution\Pattern\UseCustomMocks\UseCustomMocks.csproj", "{2EECB978-E45D-4CA5-BD70-8DBA797FCD57}"
EndProject
Project("{FAE04EC0-301F-11D3-BF4B-00C04F79EFBC}") = "UseCustomMocks.Tests", "OptimizeTestExecution\Pattern\UseCustomMocks.Tests\UseCustomMocks.Tests.csproj", "{A69FA676-849F-4D29-B93E-D9B7A55D03B9}"
EndProject
Global
	GlobalSection(SolutionConfigurationPlatforms) = preSolution
		Debug|Any CPU = Debug|Any CPU
		Release|Any CPU = Release|Any CPU
	EndGlobalSection
	GlobalSection(ProjectConfigurationPlatforms) = postSolution
		{558E3E31-E0AE-4AFD-AA11-2C81708DABBA}.Debug|Any CPU.ActiveCfg = Debug|Any CPU
		{558E3E31-E0AE-4AFD-AA11-2C81708DABBA}.Debug|Any CPU.Build.0 = Debug|Any CPU
		{558E3E31-E0AE-4AFD-AA11-2C81708DABBA}.Release|Any CPU.ActiveCfg = Release|Any CPU
		{558E3E31-E0AE-4AFD-AA11-2C81708DABBA}.Release|Any CPU.Build.0 = Release|Any CPU
		{2BC7FC20-ADF8-485D-B68C-3E66D7198598}.Debug|Any CPU.ActiveCfg = Debug|Any CPU
		{2BC7FC20-ADF8-485D-B68C-3E66D7198598}.Debug|Any CPU.Build.0 = Debug|Any CPU
		{2BC7FC20-ADF8-485D-B68C-3E66D7198598}.Release|Any CPU.ActiveCfg = Release|Any CPU
		{2BC7FC20-ADF8-485D-B68C-3E66D7198598}.Release|Any CPU.Build.0 = Release|Any CPU
		{844BC060-2D3B-48E7-86DA-8F2184A31E65}.Debug|Any CPU.ActiveCfg = Debug|Any CPU
		{844BC060-2D3B-48E7-86DA-8F2184A31E65}.Debug|Any CPU.Build.0 = Debug|Any CPU
		{844BC060-2D3B-48E7-86DA-8F2184A31E65}.Release|Any CPU.ActiveCfg = Release|Any CPU
		{844BC060-2D3B-48E7-86DA-8F2184A31E65}.Release|Any CPU.Build.0 = Release|Any CPU
		{1CD37A0F-495A-4110-8C98-3E074B798587}.Debug|Any CPU.ActiveCfg = Debug|Any CPU
		{1CD37A0F-495A-4110-8C98-3E074B798587}.Debug|Any CPU.Build.0 = Debug|Any CPU
		{1CD37A0F-495A-4110-8C98-3E074B798587}.Release|Any CPU.ActiveCfg = Release|Any CPU
		{1CD37A0F-495A-4110-8C98-3E074B798587}.Release|Any CPU.Build.0 = Release|Any CPU
		{9A5F1F4D-35FF-4DA4-9D39-09AEE1DBEC0F}.Debug|Any CPU.ActiveCfg = Debug|Any CPU
		{9A5F1F4D-35FF-4DA4-9D39-09AEE1DBEC0F}.Debug|Any CPU.Build.0 = Debug|Any CPU
		{9A5F1F4D-35FF-4DA4-9D39-09AEE1DBEC0F}.Release|Any CPU.ActiveCfg = Release|Any CPU
		{9A5F1F4D-35FF-4DA4-9D39-09AEE1DBEC0F}.Release|Any CPU.Build.0 = Release|Any CPU
		{513B5D9E-DE6C-4B33-8286-6D99092150AB}.Debug|Any CPU.ActiveCfg = Debug|Any CPU
		{513B5D9E-DE6C-4B33-8286-6D99092150AB}.Debug|Any CPU.Build.0 = Debug|Any CPU
		{513B5D9E-DE6C-4B33-8286-6D99092150AB}.Release|Any CPU.ActiveCfg = Release|Any CPU
		{513B5D9E-DE6C-4B33-8286-6D99092150AB}.Release|Any CPU.Build.0 = Release|Any CPU
		{8AEDA8C6-7D4C-4A89-B533-662FBC58A761}.Debug|Any CPU.ActiveCfg = Debug|Any CPU
		{8AEDA8C6-7D4C-4A89-B533-662FBC58A761}.Debug|Any CPU.Build.0 = Debug|Any CPU
		{8AEDA8C6-7D4C-4A89-B533-662FBC58A761}.Release|Any CPU.ActiveCfg = Release|Any CPU
		{8AEDA8C6-7D4C-4A89-B533-662FBC58A761}.Release|Any CPU.Build.0 = Release|Any CPU
		{D0FACCCF-09D8-4247-8E90-CC2F354BFF15}.Debug|Any CPU.ActiveCfg = Debug|Any CPU
		{D0FACCCF-09D8-4247-8E90-CC2F354BFF15}.Debug|Any CPU.Build.0 = Debug|Any CPU
		{D0FACCCF-09D8-4247-8E90-CC2F354BFF15}.Release|Any CPU.ActiveCfg = Release|Any CPU
		{D0FACCCF-09D8-4247-8E90-CC2F354BFF15}.Release|Any CPU.Build.0 = Release|Any CPU
		{06BAB09D-1EB2-44E8-A12F-5AFFA1FB3E4E}.Debug|Any CPU.ActiveCfg = Debug|Any CPU
		{06BAB09D-1EB2-44E8-A12F-5AFFA1FB3E4E}.Debug|Any CPU.Build.0 = Debug|Any CPU
		{06BAB09D-1EB2-44E8-A12F-5AFFA1FB3E4E}.Release|Any CPU.ActiveCfg = Release|Any CPU
		{06BAB09D-1EB2-44E8-A12F-5AFFA1FB3E4E}.Release|Any CPU.Build.0 = Release|Any CPU
		{8F4913B2-4060-4520-98AD-6851A1786337}.Debug|Any CPU.ActiveCfg = Debug|Any CPU
		{8F4913B2-4060-4520-98AD-6851A1786337}.Debug|Any CPU.Build.0 = Debug|Any CPU
		{8F4913B2-4060-4520-98AD-6851A1786337}.Release|Any CPU.ActiveCfg = Release|Any CPU
		{8F4913B2-4060-4520-98AD-6851A1786337}.Release|Any CPU.Build.0 = Release|Any CPU
		{A6EB2540-59BE-468D-9A8C-09A07830D378}.Debug|Any CPU.ActiveCfg = Debug|Any CPU
		{A6EB2540-59BE-468D-9A8C-09A07830D378}.Debug|Any CPU.Build.0 = Debug|Any CPU
		{A6EB2540-59BE-468D-9A8C-09A07830D378}.Release|Any CPU.ActiveCfg = Release|Any CPU
		{A6EB2540-59BE-468D-9A8C-09A07830D378}.Release|Any CPU.Build.0 = Release|Any CPU
		{2E6A7F7C-74B7-425C-AA6A-6C1CFD0C6E1F}.Debug|Any CPU.ActiveCfg = Debug|Any CPU
		{2E6A7F7C-74B7-425C-AA6A-6C1CFD0C6E1F}.Debug|Any CPU.Build.0 = Debug|Any CPU
		{2E6A7F7C-74B7-425C-AA6A-6C1CFD0C6E1F}.Release|Any CPU.ActiveCfg = Release|Any CPU
		{2E6A7F7C-74B7-425C-AA6A-6C1CFD0C6E1F}.Release|Any CPU.Build.0 = Release|Any CPU
		{4C5D25B1-D82C-4460-BA07-8A2DE12DA8CA}.Debug|Any CPU.ActiveCfg = Debug|Any CPU
		{4C5D25B1-D82C-4460-BA07-8A2DE12DA8CA}.Debug|Any CPU.Build.0 = Debug|Any CPU
		{4C5D25B1-D82C-4460-BA07-8A2DE12DA8CA}.Release|Any CPU.ActiveCfg = Release|Any CPU
		{4C5D25B1-D82C-4460-BA07-8A2DE12DA8CA}.Release|Any CPU.Build.0 = Release|Any CPU
		{0C197749-92DD-4699-89A1-072CC69E5A45}.Debug|Any CPU.ActiveCfg = Debug|Any CPU
		{0C197749-92DD-4699-89A1-072CC69E5A45}.Debug|Any CPU.Build.0 = Debug|Any CPU
		{0C197749-92DD-4699-89A1-072CC69E5A45}.Release|Any CPU.ActiveCfg = Release|Any CPU
		{0C197749-92DD-4699-89A1-072CC69E5A45}.Release|Any CPU.Build.0 = Release|Any CPU
		{2EECB978-E45D-4CA5-BD70-8DBA797FCD57}.Debug|Any CPU.ActiveCfg = Debug|Any CPU
		{2EECB978-E45D-4CA5-BD70-8DBA797FCD57}.Debug|Any CPU.Build.0 = Debug|Any CPU
		{2EECB978-E45D-4CA5-BD70-8DBA797FCD57}.Release|Any CPU.ActiveCfg = Release|Any CPU
		{2EECB978-E45D-4CA5-BD70-8DBA797FCD57}.Release|Any CPU.Build.0 = Release|Any CPU
		{A69FA676-849F-4D29-B93E-D9B7A55D03B9}.Debug|Any CPU.ActiveCfg = Debug|Any CPU
		{A69FA676-849F-4D29-B93E-D9B7A55D03B9}.Debug|Any CPU.Build.0 = Debug|Any CPU
		{A69FA676-849F-4D29-B93E-D9B7A55D03B9}.Release|Any CPU.ActiveCfg = Release|Any CPU
		{A69FA676-849F-4D29-B93E-D9B7A55D03B9}.Release|Any CPU.Build.0 = Release|Any CPU
	EndGlobalSection
	GlobalSection(SolutionProperties) = preSolution
		HideSolutionNode = FALSE
	EndGlobalSection
	GlobalSection(NestedProjects) = preSolution
		{558E3E31-E0AE-4AFD-AA11-2C81708DABBA} = {0A9F545D-E97C-4897-85BE-B740375FD7A9}
		{2BC7FC20-ADF8-485D-B68C-3E66D7198598} = {0A9F545D-E97C-4897-85BE-B740375FD7A9}
		{844BC060-2D3B-48E7-86DA-8F2184A31E65} = {FA656FA3-1B8D-496D-B200-C0B25948A83F}
		{FA656FA3-1B8D-496D-B200-C0B25948A83F} = {9BA371B1-82C3-4192-BDBD-9CC21E70EF6F}
		{0A9F545D-E97C-4897-85BE-B740375FD7A9} = {9BA371B1-82C3-4192-BDBD-9CC21E70EF6F}
		{1CD37A0F-495A-4110-8C98-3E074B798587} = {FA656FA3-1B8D-496D-B200-C0B25948A83F}
		{9A5F1F4D-35FF-4DA4-9D39-09AEE1DBEC0F} = {0A9F545D-E97C-4897-85BE-B740375FD7A9}
		{513B5D9E-DE6C-4B33-8286-6D99092150AB} = {0A9F545D-E97C-4897-85BE-B740375FD7A9}
		{0FF6EB7E-FC61-46E9-BA0E-A40CE2164AA4} = {42BFA9E0-83DD-4728-AFF2-C97F3AC9F8C9}
		{FAB2AF64-B757-40D9-8EF5-23BF20DF5F98} = {42BFA9E0-83DD-4728-AFF2-C97F3AC9F8C9}
		{8AEDA8C6-7D4C-4A89-B533-662FBC58A761} = {0FF6EB7E-FC61-46E9-BA0E-A40CE2164AA4}
		{D0FACCCF-09D8-4247-8E90-CC2F354BFF15} = {0FF6EB7E-FC61-46E9-BA0E-A40CE2164AA4}
		{06BAB09D-1EB2-44E8-A12F-5AFFA1FB3E4E} = {FAB2AF64-B757-40D9-8EF5-23BF20DF5F98}
		{8F4913B2-4060-4520-98AD-6851A1786337} = {FAB2AF64-B757-40D9-8EF5-23BF20DF5F98}
		{E72EF61E-FF16-4866-99CF-4EFADCF32C3D} = {ECAE43B5-E58D-4C70-BA02-7B238F40A1A1}
		{A6EB2540-59BE-468D-9A8C-09A07830D378} = {E72EF61E-FF16-4866-99CF-4EFADCF32C3D}
		{2E6A7F7C-74B7-425C-AA6A-6C1CFD0C6E1F} = {E72EF61E-FF16-4866-99CF-4EFADCF32C3D}
		{A44A328D-32FC-4B0A-A0D2-563C06FA0E62} = {8B771E05-85B5-466E-BECB-471170FCED56}
		{4C5D25B1-D82C-4460-BA07-8A2DE12DA8CA} = {A44A328D-32FC-4B0A-A0D2-563C06FA0E62}
		{0C197749-92DD-4699-89A1-072CC69E5A45} = {A44A328D-32FC-4B0A-A0D2-563C06FA0E62}
		{3B9B6EDD-8AE9-4E9D-9D6E-66723B002136} = {8B771E05-85B5-466E-BECB-471170FCED56}
		{2EECB978-E45D-4CA5-BD70-8DBA797FCD57} = {3B9B6EDD-8AE9-4E9D-9D6E-66723B002136}
		{A69FA676-849F-4D29-B93E-D9B7A55D03B9} = {3B9B6EDD-8AE9-4E9D-9D6E-66723B002136}
	EndGlobalSection
	GlobalSection(ExtensibilityGlobals) = postSolution
		SolutionGuid = {00C0B48F-071A-46F8-9C29-7BB88A82642F}
	EndGlobalSection
EndGlobal
